
Microsoft Visual Studio Solution File, Format Version 12.00
# Visual Studio Version 17
VisualStudioVersion = 17.9.34622.214
MinimumVisualStudioVersion = 10.0.40219.1
Project("{FAE04EC0-301F-11D3-BF4B-00C04F79EFBC}") = "SoundScape_Player", "SoundScape_Player\SoundScape_Player.csproj", "{CE7051D1-3ADB-4CAD-9E01-AE10C29AD742}"
EndProject
Project("{FAE04EC0-301F-11D3-BF4B-00C04F79EFBC}") = "Test", "Test\Test.csproj", "{571A971B-1F84-424D-B14B-2AA44899A0F8}"
EndProject
Global
	GlobalSection(SolutionConfigurationPlatforms) = preSolution
		Debug|Any CPU = Debug|Any CPU
		Release|Any CPU = Release|Any CPU
	EndGlobalSection
	GlobalSection(ProjectConfigurationPlatforms) = postSolution
		{CE7051D1-3ADB-4CAD-9E01-AE10C29AD742}.Debug|Any CPU.ActiveCfg = Debug|Any CPU
		{CE7051D1-3ADB-4CAD-9E01-AE10C29AD742}.Debug|Any CPU.Build.0 = Debug|Any CPU
		{CE7051D1-3ADB-4CAD-9E01-AE10C29AD742}.Release|Any CPU.ActiveCfg = Release|Any CPU
		{CE7051D1-3ADB-4CAD-9E01-AE10C29AD742}.Release|Any CPU.Build.0 = Release|Any CPU
		{571A971B-1F84-424D-B14B-2AA44899A0F8}.Debug|Any CPU.ActiveCfg = Debug|Any CPU
		{571A971B-1F84-424D-B14B-2AA44899A0F8}.Debug|Any CPU.Build.0 = Debug|Any CPU
		{571A971B-1F84-424D-B14B-2AA44899A0F8}.Release|Any CPU.ActiveCfg = Release|Any CPU
		{571A971B-1F84-424D-B14B-2AA44899A0F8}.Release|Any CPU.Build.0 = Release|Any CPU
	EndGlobalSection
	GlobalSection(SolutionProperties) = preSolution
		HideSolutionNode = FALSE
	EndGlobalSection
	GlobalSection(ExtensibilityGlobals) = postSolution
		SolutionGuid = {BEFEFE0D-19B8-43F3-89F7-A950278CBFA3}
	EndGlobalSection
EndGlobal
